// !$*UTF8*$!
{
	archiveVersion = 1;
	classes = {
	};
	objectVersion = 56;
	objects = {

/* Begin PBXBuildFile section */
		FCCF2EBC292278FB00E2C647 /* AppDelegate.m in Sources */ = {isa = PBXBuildFile; fileRef = FCCF2EBB292278FB00E2C647 /* AppDelegate.m */; };
		FCCF2EBF292278FB00E2C647 /* SceneDelegate.m in Sources */ = {isa = PBXBuildFile; fileRef = FCCF2EBE292278FB00E2C647 /* SceneDelegate.m */; };
		FCCF2EC2292278FB00E2C647 /* ViewController.m in Sources */ = {isa = PBXBuildFile; fileRef = FCCF2EC1292278FB00E2C647 /* ViewController.m */; };
		FCCF2EC5292278FB00E2C647 /* Main.storyboard in Resources */ = {isa = PBXBuildFile; fileRef = FCCF2EC3292278FB00E2C647 /* Main.storyboard */; };
		FCCF2EC7292278FC00E2C647 /* Assets.xcassets in Resources */ = {isa = PBXBuildFile; fileRef = FCCF2EC6292278FC00E2C647 /* Assets.xcassets */; };
		FCCF2ECA292278FC00E2C647 /* LaunchScreen.storyboard in Resources */ = {isa = PBXBuildFile; fileRef = FCCF2EC8292278FC00E2C647 /* LaunchScreen.storyboard */; };
		FCCF2ECD292278FC00E2C647 /* main.m in Sources */ = {isa = PBXBuildFile; fileRef = FCCF2ECC292278FC00E2C647 /* main.m */; };
		FCCF2EF629227F2D00E2C647 /* ABCFramework.xcframework in Frameworks */ = {isa = PBXBuildFile; fileRef = FCCF2EF529227F2D00E2C647 /* ABCFramework.xcframework */; };
		FCCF2EF729227F2D00E2C647 /* ABCFramework.xcframework in Embed Frameworks */ = {isa = PBXBuildFile; fileRef = FCCF2EF529227F2D00E2C647 /* ABCFramework.xcframework */; settings = {ATTRIBUTES = (CodeSignOnCopy, RemoveHeadersOnCopy, ); }; };
/* End PBXBuildFile section */

/* Begin PBXCopyFilesBuildPhase section */
		FCCF2EF829227F2E00E2C647 /* Embed Frameworks */ = {
			isa = PBXCopyFilesBuildPhase;
			buildActionMask = 2147483647;
			dstPath = "";
			dstSubfolderSpec = 10;
			files = (
				FCCF2EF729227F2D00E2C647 /* ABCFramework.xcframework in Embed Frameworks */,
			);
			name = "Embed Frameworks";
			runOnlyForDeploymentPostprocessing = 0;
		};
/* End PBXCopyFilesBuildPhase section */

/* Begin PBXFileReference section */
		FCCF2EB7292278FB00E2C647 /* UsingABCFramework.app */ = {isa = PBXFileReference; explicitFileType = wrapper.application; includeInIndex = 0; path = UsingABCFramework.app; sourceTree = BUILT_PRODUCTS_DIR; };
		FCCF2EBA292278FB00E2C647 /* AppDelegate.h */ = {isa = PBXFileReference; lastKnownFileType = sourcecode.c.h; path = AppDelegate.h; sourceTree = "<group>"; };
		FCCF2EBB292278FB00E2C647 /* AppDelegate.m */ = {isa = PBXFileReference; lastKnownFileType = sourcecode.c.objc; path = AppDelegate.m; sourceTree = "<group>"; };
		FCCF2EBD292278FB00E2C647 /* SceneDelegate.h */ = {isa = PBXFileReference; lastKnownFileType = sourcecode.c.h; path = SceneDelegate.h; sourceTree = "<group>"; };
		FCCF2EBE292278FB00E2C647 /* SceneDelegate.m */ = {isa = PBXFileReference; lastKnownFileType = sourcecode.c.objc; path = SceneDelegate.m; sourceTree = "<group>"; };
		FCCF2EC0292278FB00E2C647 /* ViewController.h */ = {isa = PBXFileReference; lastKnownFileType = sourcecode.c.h; path = ViewController.h; sourceTree = "<group>"; };
		FCCF2EC1292278FB00E2C647 /* ViewController.m */ = {isa = PBXFileReference; lastKnownFileType = sourcecode.c.objc; path = ViewController.m; sourceTree = "<group>"; };
		FCCF2EC4292278FB00E2C647 /* Base */ = {isa = PBXFileReference; lastKnownFileType = file.storyboard; name = Base; path = Base.lproj/Main.storyboard; sourceTree = "<group>"; };
		FCCF2EC6292278FC00E2C647 /* Assets.xcassets */ = {isa = PBXFileReference; lastKnownFileType = folder.assetcatalog; path = Assets.xcassets; sourceTree = "<group>"; };
		FCCF2EC9292278FC00E2C647 /* Base */ = {isa = PBXFileReference; lastKnownFileType = file.storyboard; name = Base; path = Base.lproj/LaunchScreen.storyboard; sourceTree = "<group>"; };
		FCCF2ECB292278FC00E2C647 /* Info.plist */ = {isa = PBXFileReference; lastKnownFileType = text.plist.xml; path = Info.plist; sourceTree = "<group>"; };
		FCCF2ECC292278FC00E2C647 /* main.m */ = {isa = PBXFileReference; lastKnownFileType = sourcecode.c.objc; path = main.m; sourceTree = "<group>"; };
		FCCF2EF529227F2D00E2C647 /* ABCFramework.xcframework */ = {isa = PBXFileReference; lastKnownFileType = wrapper.xcframework; name = ABCFramework.xcframework; path = ../build/ABCFramework.xcframework; sourceTree = "<group>"; };
/* End PBXFileReference section */

/* Begin PBXFrameworksBuildPhase section */
		FCCF2EB4292278FB00E2C647 /* Frameworks */ = {
			isa = PBXFrameworksBuildPhase;
			buildActionMask = 2147483647;
			files = (
				FCCF2EF629227F2D00E2C647 /* ABCFramework.xcframework in Frameworks */,
			);
			runOnlyForDeploymentPostprocessing = 0;
		};
/* End PBXFrameworksBuildPhase section */

/* Begin PBXGroup section */
		FCCF2EAE292278FB00E2C647 = {
			isa = PBXGroup;
			children = (
				FCCF2EB9292278FB00E2C647 /* UsingABCFramework */,
				FCCF2EB8292278FB00E2C647 /* Products */,
				FCCF2ED8292279AF00E2C647 /* Frameworks */,
			);
			sourceTree = "<group>";
		};
		FCCF2EB8292278FB00E2C647 /* Products */ = {
			isa = PBXGroup;
			children = (
				FCCF2EB7292278FB00E2C647 /* UsingABCFramework.app */,
			);
			name = Products;
			sourceTree = "<group>";
		};
		FCCF2EB9292278FB00E2C647 /* UsingABCFramework */ = {
			isa = PBXGroup;
			children = (
				FCCF2EBA292278FB00E2C647 /* AppDelegate.h */,
				FCCF2EBB292278FB00E2C647 /* AppDelegate.m */,
				FCCF2EBD292278FB00E2C647 /* SceneDelegate.h */,
				FCCF2EBE292278FB00E2C647 /* SceneDelegate.m */,
				FCCF2EC0292278FB00E2C647 /* ViewController.h */,
				FCCF2EC1292278FB00E2C647 /* ViewController.m */,
				FCCF2EC3292278FB00E2C647 /* Main.storyboard */,
				FCCF2EC6292278FC00E2C647 /* Assets.xcassets */,
				FCCF2EC8292278FC00E2C647 /* LaunchScreen.storyboard */,
				FCCF2ECB292278FC00E2C647 /* Info.plist */,
				FCCF2ECC292278FC00E2C647 /* main.m */,
			);
			path = UsingABCFramework;
			sourceTree = "<group>";
		};
		FCCF2ED8292279AF00E2C647 /* Frameworks */ = {
			isa = PBXGroup;
			children = (
				FCCF2EF529227F2D00E2C647 /* ABCFramework.xcframework */,
			);
			name = Frameworks;
			sourceTree = "<group>";
		};
/* End PBXGroup section */

/* Begin PBXNativeTarget section */
		FCCF2EB6292278FB00E2C647 /* UsingABCFramework */ = {
			isa = PBXNativeTarget;
			buildConfigurationList = FCCF2ED0292278FC00E2C647 /* Build configuration list for PBXNativeTarget "UsingABCFramework" */;
			buildPhases = (
				FCCF2EB3292278FB00E2C647 /* Sources */,
				FCCF2EB4292278FB00E2C647 /* Frameworks */,
				FCCF2EB5292278FB00E2C647 /* Resources */,
				FCCF2EF829227F2E00E2C647 /* Embed Frameworks */,
			);
			buildRules = (
			);
			dependencies = (
			);
			name = UsingABCFramework;
			productName = UsingABCFramework;
			productReference = FCCF2EB7292278FB00E2C647 /* UsingABCFramework.app */;
			productType = "com.apple.product-type.application";
		};
/* End PBXNativeTarget section */

/* Begin PBXProject section */
		FCCF2EAF292278FB00E2C647 /* Project object */ = {
			isa = PBXProject;
			attributes = {
				BuildIndependentTargetsInParallel = 1;
				LastUpgradeCheck = 1410;
				TargetAttributes = {
					FCCF2EB6292278FB00E2C647 = {
						CreatedOnToolsVersion = 14.1;
					};
				};
			};
			buildConfigurationList = FCCF2EB2292278FB00E2C647 /* Build configuration list for PBXProject "UsingABCFramework" */;
			compatibilityVersion = "Xcode 14.0";
			developmentRegion = en;
			hasScannedForEncodings = 0;
			knownRegions = (
				en,
				Base,
			);
			mainGroup = FCCF2EAE292278FB00E2C647;
			productRefGroup = FCCF2EB8292278FB00E2C647 /* Products */;
			projectDirPath = "";
			projectRoot = "";
			targets = (
				FCCF2EB6292278FB00E2C647 /* UsingABCFramework */,
			);
		};
/* End PBXProject section */

/* Begin PBXResourcesBuildPhase section */
		FCCF2EB5292278FB00E2C647 /* Resources */ = {
			isa = PBXResourcesBuildPhase;
			buildActionMask = 2147483647;
			files = (
				FCCF2ECA292278FC00E2C647 /* LaunchScreen.storyboard in Resources */,
				FCCF2EC7292278FC00E2C647 /* Assets.xcassets in Resources */,
				FCCF2EC5292278FB00E2C647 /* Main.storyboard in Resources */,
			);
			runOnlyForDeploymentPostprocessing = 0;
		};
/* End PBXResourcesBuildPhase section */

/* Begin PBXSourcesBuildPhase section */
		FCCF2EB3292278FB00E2C647 /* Sources */ = {
			isa = PBXSourcesBuildPhase;
			buildActionMask = 2147483647;
			files = (
				FCCF2EC2292278FB00E2C647 /* ViewController.m in Sources */,
				FCCF2EBC292278FB00E2C647 /* AppDelegate.m in Sources */,
				FCCF2ECD292278FC00E2C647 /* main.m in Sources */,
				FCCF2EBF292278FB00E2C647 /* SceneDelegate.m in Sources */,
			);
			runOnlyForDeploymentPostprocessing = 0;
		};
/* End PBXSourcesBuildPhase section */

/* Begin PBXVariantGroup section */
		FCCF2EC3292278FB00E2C647 /* Main.storyboard */ = {
			isa = PBXVariantGroup;
			children = (
				FCCF2EC4292278FB00E2C647 /* Base */,
			);
			name = Main.storyboard;
			sourceTree = "<group>";
		};
		FCCF2EC8292278FC00E2C647 /* LaunchScreen.storyboard */ = {
			isa = PBXVariantGroup;
			children = (
				FCCF2EC9292278FC00E2C647 /* Base */,
			);
			name = LaunchScreen.storyboard;
			sourceTree = "<group>";
		};
/* End PBXVariantGroup section */

/* Begin XCBuildConfiguration section */
		FCCF2ECE292278FC00E2C647 /* Debug */ = {
			isa = XCBuildConfiguration;
			buildSettings = {
				ALWAYS_SEARCH_USER_PATHS = NO;
				CLANG_ANALYZER_NONNULL = YES;
				CLANG_ANALYZER_NUMBER_OBJECT_CONVERSION = YES_AGGRESSIVE;
				CLANG_CXX_LANGUAGE_STANDARD = "gnu++20";
				CLANG_ENABLE_MODULES = YES;
				CLANG_ENABLE_OBJC_ARC = YES;
				CLANG_ENABLE_OBJC_WEAK = YES;
				CLANG_WARN_BLOCK_CAPTURE_AUTORELEASING = YES;
				CLANG_WARN_BOOL_CONVERSION = YES;
				CLANG_WARN_COMMA = YES;
				CLANG_WARN_CONSTANT_CONVERSION = YES;
				CLANG_WARN_DEPRECATED_OBJC_IMPLEMENTATIONS = YES;
				CLANG_WARN_DIRECT_OBJC_ISA_USAGE = YES_ERROR;
				CLANG_WARN_DOCUMENTATION_COMMENTS = YES;
				CLANG_WARN_EMPTY_BODY = YES;
				CLANG_WARN_ENUM_CONVERSION = YES;
				CLANG_WARN_INFINITE_RECURSION = YES;
				CLANG_WARN_INT_CONVERSION = YES;
				CLANG_WARN_NON_LITERAL_NULL_CONVERSION = YES;
				CLANG_WARN_OBJC_IMPLICIT_RETAIN_SELF = YES;
				CLANG_WARN_OBJC_LITERAL_CONVERSION = YES;
				CLANG_WARN_OBJC_ROOT_CLASS = YES_ERROR;
				CLANG_WARN_QUOTED_INCLUDE_IN_FRAMEWORK_HEADER = YES;
				CLANG_WARN_RANGE_LOOP_ANALYSIS = YES;
				CLANG_WARN_STRICT_PROTOTYPES = YES;
				CLANG_WARN_SUSPICIOUS_MOVE = YES;
				CLANG_WARN_UNGUARDED_AVAILABILITY = YES_AGGRESSIVE;
				CLANG_WARN_UNREACHABLE_CODE = YES;
				CLANG_WARN__DUPLICATE_METHOD_MATCH = YES;
				COPY_PHASE_STRIP = NO;
				DEBUG_INFORMATION_FORMAT = dwarf;
				ENABLE_STRICT_OBJC_MSGSEND = YES;
				ENABLE_TESTABILITY = YES;
				GCC_C_LANGUAGE_STANDARD = gnu11;
				GCC_DYNAMIC_NO_PIC = NO;
				GCC_NO_COMMON_BLOCKS = YES;
				GCC_OPTIMIZATION_LEVEL = 0;
				GCC_PREPROCESSOR_DEFINITIONS = (
					"DEBUG=1",
					"$(inherited)",
				);
				GCC_WARN_64_TO_32_BIT_CONVERSION = YES;
				GCC_WARN_ABOUT_RETURN_TYPE = YES_ERROR;
				GCC_WARN_UNDECLARED_SELECTOR = YES;
				GCC_WARN_UNINITIALIZED_AUTOS = YES_AGGRESSIVE;
				GCC_WARN_UNUSED_FUNCTION = YES;
				GCC_WARN_UNUSED_VARIABLE = YES;
				IPHONEOS_DEPLOYMENT_TARGET = 16.1;
				MTL_ENABLE_DEBUG_INFO = INCLUDE_SOURCE;
				MTL_FAST_MATH = YES;
				ONLY_ACTIVE_ARCH = YES;
				SDKROOT = iphoneos;
			};
			name = Debug;
		};
		FCCF2ECF292278FC00E2C647 /* Release */ = {
			isa = XCBuildConfiguration;
			buildSettings = {
				ALWAYS_SEARCH_USER_PATHS = NO;
				CLANG_ANALYZER_NONNULL = YES;
				CLANG_ANALYZER_NUMBER_OBJECT_CONVERSION = YES_AGGRESSIVE;
				CLANG_CXX_LANGUAGE_STANDARD = "gnu++20";
				CLANG_ENABLE_MODULES = YES;
				CLANG_ENABLE_OBJC_ARC = YES;
				CLANG_ENABLE_OBJC_WEAK = YES;
				CLANG_WARN_BLOCK_CAPTURE_AUTORELEASING = YES;
				CLANG_WARN_BOOL_CONVERSION = YES;
				CLANG_WARN_COMMA = YES;
				CLANG_WARN_CONSTANT_CONVERSION = YES;
				CLANG_WARN_DEPRECATED_OBJC_IMPLEMENTATIONS = YES;
				CLANG_WARN_DIRECT_OBJC_ISA_USAGE = YES_ERROR;
				CLANG_WARN_DOCUMENTATION_COMMENTS = YES;
				CLANG_WARN_EMPTY_BODY = YES;
				CLANG_WARN_ENUM_CONVERSION = YES;
				CLANG_WARN_INFINITE_RECURSION = YES;
				CLANG_WARN_INT_CONVERSION = YES;
				CLANG_WARN_NON_LITERAL_NULL_CONVERSION = YES;
				CLANG_WARN_OBJC_IMPLICIT_RETAIN_SELF = YES;
				CLANG_WARN_OBJC_LITERAL_CONVERSION = YES;
				CLANG_WARN_OBJC_ROOT_CLASS = YES_ERROR;
				CLANG_WARN_QUOTED_INCLUDE_IN_FRAMEWORK_HEADER = YES;
				CLANG_WARN_RANGE_LOOP_ANALYSIS = YES;
				CLANG_WARN_STRICT_PROTOTYPES = YES;
				CLANG_WARN_SUSPICIOUS_MOVE = YES;
				CLANG_WARN_UNGUARDED_AVAILABILITY = YES_AGGRESSIVE;
				CLANG_WARN_UNREACHABLE_CODE = YES;
				CLANG_WARN__DUPLICATE_METHOD_MATCH = YES;
				COPY_PHASE_STRIP = NO;
				DEBUG_INFORMATION_FORMAT = "dwarf-with-dsym";
				ENABLE_NS_ASSERTIONS = NO;
				ENABLE_STRICT_OBJC_MSGSEND = YES;
				GCC_C_LANGUAGE_STANDARD = gnu11;
				GCC_NO_COMMON_BLOCKS = YES;
				GCC_WARN_64_TO_32_BIT_CONVERSION = YES;
				GCC_WARN_ABOUT_RETURN_TYPE = YES_ERROR;
				GCC_WARN_UNDECLARED_SELECTOR = YES;
				GCC_WARN_UNINITIALIZED_AUTOS = YES_AGGRESSIVE;
				GCC_WARN_UNUSED_FUNCTION = YES;
				GCC_WARN_UNUSED_VARIABLE = YES;
				IPHONEOS_DEPLOYMENT_TARGET = 16.1;
				MTL_ENABLE_DEBUG_INFO = NO;
				MTL_FAST_MATH = YES;
				SDKROOT = iphoneos;
				VALIDATE_PRODUCT = YES;
			};
			name = Release;
		};
		FCCF2ED1292278FC00E2C647 /* Debug */ = {
			isa = XCBuildConfiguration;
			buildSettings = {
				ASSETCATALOG_COMPILER_APPICON_NAME = AppIcon;
				ASSETCATALOG_COMPILER_GLOBAL_ACCENT_COLOR_NAME = AccentColor;
				CODE_SIGN_STYLE = Automatic;
				CURRENT_PROJECT_VERSION = 1;
				DEVELOPMENT_TEAM = 2WH24U26GJ;
				FRAMEWORK_SEARCH_PATHS = ..;
				GENERATE_INFOPLIST_FILE = YES;
				INFOPLIST_FILE = UsingABCFramework/Info.plist;
				INFOPLIST_KEY_UIApplicationSupportsIndirectInputEvents = YES;
				INFOPLIST_KEY_UILaunchStoryboardName = LaunchScreen;
				INFOPLIST_KEY_UIMainStoryboardFile = Main;
				INFOPLIST_KEY_UISupportedInterfaceOrientations_iPad = "UIInterfaceOrientationPortrait UIInterfaceOrientationPortraitUpsideDown UIInterfaceOrientationLandscapeLeft UIInterfaceOrientationLandscapeRight";
				INFOPLIST_KEY_UISupportedInterfaceOrientations_iPhone = "UIInterfaceOrientationPortrait UIInterfaceOrientationLandscapeLeft UIInterfaceOrientationLandscapeRight";
				LD_RUNPATH_SEARCH_PATHS = (
					"$(inherited)",
					"@executable_path/Frameworks",
				);
				MARKETING_VERSION = 1.0;
				PRODUCT_BUNDLE_IDENTIFIER = com.abc.UsingABCFramework;
				PRODUCT_NAME = "$(TARGET_NAME)";
				SWIFT_EMIT_LOC_STRINGS = YES;
				TARGETED_DEVICE_FAMILY = "1,2";
			};
			name = Debug;
		};
		FCCF2ED2292278FC00E2C647 /* Release */ = {
			isa = XCBuildConfiguration;
			buildSettings = {
				ASSETCATALOG_COMPILER_APPICON_NAME = AppIcon;
				ASSETCATALOG_COMPILER_GLOBAL_ACCENT_COLOR_NAME = AccentColor;
				CODE_SIGN_STYLE = Automatic;
				CURRENT_PROJECT_VERSION = 1;
				DEVELOPMENT_TEAM = 2WH24U26GJ;
				FRAMEWORK_SEARCH_PATHS = ..;
				GENERATE_INFOPLIST_FILE = YES;
				INFOPLIST_FILE = UsingABCFramework/Info.plist;
				INFOPLIST_KEY_UIApplicationSupportsIndirectInputEvents = YES;
				INFOPLIST_KEY_UILaunchStoryboardName = LaunchScreen;
				INFOPLIST_KEY_UIMainStoryboardFile = Main;
				INFOPLIST_KEY_UISupportedInterfaceOrientations_iPad = "UIInterfaceOrientationPortrait UIInterfaceOrientationPortraitUpsideDown UIInterfaceOrientationLandscapeLeft UIInterfaceOrientationLandscapeRight";
				INFOPLIST_KEY_UISupportedInterfaceOrientations_iPhone = "UIInterfaceOrientationPortrait UIInterfaceOrientationLandscapeLeft UIInterfaceOrientationLandscapeRight";
				LD_RUNPATH_SEARCH_PATHS = (
					"$(inherited)",
					"@executable_path/Frameworks",
				);
				MARKETING_VERSION = 1.0;
				PRODUCT_BUNDLE_IDENTIFIER = com.abc.UsingABCFramework;
				PRODUCT_NAME = "$(TARGET_NAME)";
				SWIFT_EMIT_LOC_STRINGS = YES;
				TARGETED_DEVICE_FAMILY = "1,2";
			};
			name = Release;
		};
/* End XCBuildConfiguration section */

/* Begin XCConfigurationList section */
		FCCF2EB2292278FB00E2C647 /* Build configuration list for PBXProject "UsingABCFramework" */ = {
			isa = XCConfigurationList;
			buildConfigurations = (
				FCCF2ECE292278FC00E2C647 /* Debug */,
				FCCF2ECF292278FC00E2C647 /* Release */,
			);
			defaultConfigurationIsVisible = 0;
			defaultConfigurationName = Release;
		};
		FCCF2ED0292278FC00E2C647 /* Build configuration list for PBXNativeTarget "UsingABCFramework" */ = {
			isa = XCConfigurationList;
			buildConfigurations = (
				FCCF2ED1292278FC00E2C647 /* Debug */,
				FCCF2ED2292278FC00E2C647 /* Release */,
			);
			defaultConfigurationIsVisible = 0;
			defaultConfigurationName = Release;
		};
/* End XCConfigurationList section */
	};
	rootObject = FCCF2EAF292278FB00E2C647 /* Project object */;
}
